{
  "name": "@angular-react/core",
  "version": "0.2.0-2",
  "lockfileVersion": 1,
  "requires": true,
  "dependencies": {
    "css-to-style": {
      "version": "1.2.0",
      "resolved": "https://registry.npmjs.org/css-to-style/-/css-to-style-1.2.0.tgz",
      "integrity": "sha512-1IrSsMGFIxq46B7fyB6JGS7cU2Mt7bqu9bPZ2eLNDGcQ3ceCVTfQVP7BOomsrE+DtTKQWxqO0fcl0zBS5+RXyw=="
    }
  }
}
